
Microsoft Visual Studio Solution File, Format Version 12.00
# Visual Studio Version 17
VisualStudioVersion = 17.5.33530.505
MinimumVisualStudioVersion = 10.0.40219.1
Project("{FAE04EC0-301F-11D3-BF4B-00C04F79EFBC}") = "Pro.FunctionAppTriggeredByQueue", "Pro.FunctionAppTriggeredByQueue.csproj", "{FD7C896C-1E61-4128-BBED-FEF9007AD7A8}"
EndProject
Global
	GlobalSection(SolutionConfigurationPlatforms) = preSolution
		Debug|Any CPU = Debug|Any CPU
		Release|Any CPU = Release|Any CPU
	EndGlobalSection
	GlobalSection(ProjectConfigurationPlatforms) = postSolution
		{FD7C896C-1E61-4128-BBED-FEF9007AD7A8}.Debug|Any CPU.ActiveCfg = Debug|Any CPU
		{FD7C896C-1E61-4128-BBED-FEF9007AD7A8}.Debug|Any CPU.Build.0 = Debug|Any CPU
		{FD7C896C-1E61-4128-BBED-FEF9007AD7A8}.Release|Any CPU.ActiveCfg = Release|Any CPU
		{FD7C896C-1E61-4128-BBED-FEF9007AD7A8}.Release|Any CPU.Build.0 = Release|Any CPU
	EndGlobalSection
	GlobalSection(SolutionProperties) = preSolution
		HideSolutionNode = FALSE
	EndGlobalSection
	GlobalSection(ExtensibilityGlobals) = postSolution
		SolutionGuid = {94171EB9-616D-49E0-8EAE-7D2EE04F872B}
	EndGlobalSection
EndGlobal
